{
  "object": {
    "pins": [
      {
        "package": "Alamofire",
        "repositoryURL": "https://github.com/Alamofire/Alamofire.git",
        "state": {
          "branch": null,
          "revision": "d120af1e8638c7da36c8481fd61a66c0c08dc4fc",
          "version": "5.4.4"
        }
      },
      {
        "package": "Common",
        "repositoryURL": "https://github.com/lgenesius/luis-dicoding-common.git",
        "state": {
          "branch": null,
          "revision": "2d51c2b7eff005f4a13f8d3628450ef2afefca4e",
          "version": "1.0.5"
        }
      },
      {
        "package": "SDWebImage",
        "repositoryURL": "https://github.com/SDWebImage/SDWebImage.git",
        "state": {
          "branch": null,
          "revision": "a72df4849408da7e5d3c1b586797b7c601c41d1b",
          "version": "5.12.1"
        }
      },
      {
        "package": "SDWebImageSwiftUI",
        "repositoryURL": "https://github.com/SDWebImage/SDWebImageSwiftUI.git",
        "state": {
          "branch": "master",
          "revision": "336d3f6d3b53729c1f274bf6b75f4532ada116eb",
          "version": null
        }
      }
    ]
  },
  "version": 1
}
